
Microsoft Visual Studio Solution File, Format Version 12.00
# Visual Studio Version 16
VisualStudioVersion = 16.0.30907.101
MinimumVisualStudioVersion = 10.0.40219.1
Project("{FAE04EC0-301F-11D3-BF4B-00C04F79EFBC}") = "Module2_Task3", "Module2_Task3\Module2_Task3.csproj", "{949BCC9D-FBD9-4208-9C70-6A055AA83F80}"
EndProject
Project("{2150E333-8FDC-42A3-9474-1A3956D46DE8}") = "SolutionItems", "SolutionItems", "{04616E45-DCFD-4E07-A179-3FB490A3DA51}"
	ProjectSection(SolutionItems) = preProject
		settings.ruleset = settings.ruleset
		stylecop.json = stylecop.json
	EndProjectSection
EndProject
Global
	GlobalSection(SolutionConfigurationPlatforms) = preSolution
		Debug|Any CPU = Debug|Any CPU
		Release|Any CPU = Release|Any CPU
	EndGlobalSection
	GlobalSection(ProjectConfigurationPlatforms) = postSolution
		{949BCC9D-FBD9-4208-9C70-6A055AA83F80}.Debug|Any CPU.ActiveCfg = Debug|Any CPU
		{949BCC9D-FBD9-4208-9C70-6A055AA83F80}.Debug|Any CPU.Build.0 = Debug|Any CPU
		{949BCC9D-FBD9-4208-9C70-6A055AA83F80}.Release|Any CPU.ActiveCfg = Release|Any CPU
		{949BCC9D-FBD9-4208-9C70-6A055AA83F80}.Release|Any CPU.Build.0 = Release|Any CPU
	EndGlobalSection
	GlobalSection(SolutionProperties) = preSolution
		HideSolutionNode = FALSE
	EndGlobalSection
	GlobalSection(ExtensibilityGlobals) = postSolution
		SolutionGuid = {9C3FE0A7-DC94-4020-9954-28DCCE4C9401}
	EndGlobalSection
EndGlobal
